// !$*UTF8*$!
{
	archiveVersion = 1;
	classes = {
	};
	objectVersion = 46;
	objects = {

/* Begin PBXBuildFile section */
		7337EFEB1C18196600A2995F /* AppDelegate.swift in Sources */ = {isa = PBXBuildFile; fileRef = 7337EFEA1C18196600A2995F /* AppDelegate.swift */; };
		7337EFED1C18196600A2995F /* ViewController.swift in Sources */ = {isa = PBXBuildFile; fileRef = 7337EFEC1C18196600A2995F /* ViewController.swift */; };
		7337EFF01C18196600A2995F /* Main.storyboard in Resources */ = {isa = PBXBuildFile; fileRef = 7337EFEE1C18196600A2995F /* Main.storyboard */; };
		7337EFF21C18196600A2995F /* Assets.xcassets in Resources */ = {isa = PBXBuildFile; fileRef = 7337EFF11C18196600A2995F /* Assets.xcassets */; };
		7337EFF51C18196600A2995F /* LaunchScreen.storyboard in Resources */ = {isa = PBXBuildFile; fileRef = 7337EFF31C18196600A2995F /* LaunchScreen.storyboard */; };
/* End PBXBuildFile section */

/* Begin PBXFileReference section */
		7337EFE71C18196600A2995F /* Zombies.app */ = {isa = PBXFileReference; explicitFileType = wrapper.application; includeInIndex = 0; path = Zombies.app; sourceTree = BUILT_PRODUCTS_DIR; };
		7337EFEA1C18196600A2995F /* AppDelegate.swift */ = {isa = PBXFileReference; lastKnownFileType = sourcecode.swift; path = AppDelegate.swift; sourceTree = "<group>"; };
		7337EFEC1C18196600A2995F /* ViewController.swift */ = {isa = PBXFileReference; lastKnownFileType = sourcecode.swift; path = ViewController.swift; sourceTree = "<group>"; };
		7337EFEF1C18196600A2995F /* Base */ = {isa = PBXFileReference; lastKnownFileType = file.storyboard; name = Base; path = Base.lproj/Main.storyboard; sourceTree = "<group>"; };
		7337EFF11C18196600A2995F /* Assets.xcassets */ = {isa = PBXFileReference; lastKnownFileType = folder.assetcatalog; path = Assets.xcassets; sourceTree = "<group>"; };
		7337EFF41C18196600A2995F /* Base */ = {isa = PBXFileReference; lastKnownFileType = file.storyboard; name = Base; path = Base.lproj/LaunchScreen.storyboard; sourceTree = "<group>"; };
		7337EFF61C18196600A2995F /* Info.plist */ = {isa = PBXFileReference; lastKnownFileType = text.plist.xml; path = Info.plist; sourceTree = "<group>"; };
/* End PBXFileReference section */

/* Begin PBXFrameworksBuildPhase section */
		7337EFE41C18196600A2995F /* Frameworks */ = {
			isa = PBXFrameworksBuildPhase;
			buildActionMask = 2147483647;
			files = (
			);
			runOnlyForDeploymentPostprocessing = 0;
		};
/* End PBXFrameworksBuildPhase section */

/* Begin PBXGroup section */
		7337EFDE1C18196600A2995F = {
			isa = PBXGroup;
			children = (
				7337EFE91C18196600A2995F /* Zombies */,
				7337EFE81C18196600A2995F /* Products */,
			);
			sourceTree = "<group>";
		};
		7337EFE81C18196600A2995F /* Products */ = {
			isa = PBXGroup;
			children = (
				7337EFE71C18196600A2995F /* Zombies.app */,
			);
			name = Products;
			sourceTree = "<group>";
		};
		7337EFE91C18196600A2995F /* Zombies */ = {
			isa = PBXGroup;
			children = (
				7337EFEA1C18196600A2995F /* AppDelegate.swift */,
				7337EFEC1C18196600A2995F /* ViewController.swift */,
				7337EFEE1C18196600A2995F /* Main.storyboard */,
				7337EFF11C18196600A2995F /* Assets.xcassets */,
				7337EFF31C18196600A2995F /* LaunchScreen.storyboard */,
				7337EFF61C18196600A2995F /* Info.plist */,
			);
			path = Zombies;
			sourceTree = "<group>";
		};
/* End PBXGroup section */

/* Begin PBXNativeTarget section */
		7337EFE61C18196600A2995F /* Zombies */ = {
			isa = PBXNativeTarget;
			buildConfigurationList = 7337EFF91C18196600A2995F /* Build configuration list for PBXNativeTarget "Zombies" */;
			buildPhases = (
				7337EFE31C18196600A2995F /* Sources */,
				7337EFE41C18196600A2995F /* Frameworks */,
				7337EFE51C18196600A2995F /* Resources */,
			);
			buildRules = (
			);
			dependencies = (
			);
			name = Zombies;
			productName = Zombies;
			productReference = 7337EFE71C18196600A2995F /* Zombies.app */;
			productType = "com.apple.product-type.application";
		};
/* End PBXNativeTarget section */

/* Begin PBXProject section */
		7337EFDF1C18196600A2995F /* Project object */ = {
			isa = PBXProject;
			attributes = {
				LastSwiftUpdateCheck = 0710;
				LastUpgradeCheck = 0710;
				ORGANIZATIONNAME = informatique;
				TargetAttributes = {
					7337EFE61C18196600A2995F = {
						CreatedOnToolsVersion = 7.1.1;
					};
				};
			};
			buildConfigurationList = 7337EFE21C18196600A2995F /* Build configuration list for PBXProject "Zombies" */;
			compatibilityVersion = "Xcode 3.2";
			developmentRegion = English;
			hasScannedForEncodings = 0;
			knownRegions = (
				en,
				Base,
			);
			mainGroup = 7337EFDE1C18196600A2995F;
			productRefGroup = 7337EFE81C18196600A2995F /* Products */;
			projectDirPath = "";
			projectRoot = "";
			targets = (
				7337EFE61C18196600A2995F /* Zombies */,
			);
		};
/* End PBXProject section */

/* Begin PBXResourcesBuildPhase section */
		7337EFE51C18196600A2995F /* Resources */ = {
			isa = PBXResourcesBuildPhase;
			buildActionMask = 2147483647;
			files = (
				7337EFF51C18196600A2995F /* LaunchScreen.storyboard in Resources */,
				7337EFF21C18196600A2995F /* Assets.xcassets in Resources */,
				7337EFF01C18196600A2995F /* Main.storyboard in Resources */,
			);
			runOnlyForDeploymentPostprocessing = 0;
		};
/* End PBXResourcesBuildPhase section */

/* Begin PBXSourcesBuildPhase section */
		7337EFE31C18196600A2995F /* Sources */ = {
			isa = PBXSourcesBuildPhase;
			buildActionMask = 2147483647;
			files = (
				7337EFED1C18196600A2995F /* ViewController.swift in Sources */,
				7337EFEB1C18196600A2995F /* AppDelegate.swift in Sources */,
			);
			runOnlyForDeploymentPostprocessing = 0;
		};
/* End PBXSourcesBuildPhase section */

/* Begin PBXVariantGroup section */
		7337EFEE1C18196600A2995F /* Main.storyboard */ = {
			isa = PBXVariantGroup;
			children = (
				7337EFEF1C18196600A2995F /* Base */,
			);
			name = Main.storyboard;
			sourceTree = "<group>";
		};
		7337EFF31C18196600A2995F /* LaunchScreen.storyboard */ = {
			isa = PBXVariantGroup;
			children = (
				7337EFF41C18196600A2995F /* Base */,
			);
			name = LaunchScreen.storyboard;
			sourceTree = "<group>";
		};
/* End PBXVariantGroup section */

/* Begin XCBuildConfiguration section */
		7337EFF71C18196600A2995F /* Debug */ = {
			isa = XCBuildConfiguration;
			buildSettings = {
				ALWAYS_SEARCH_USER_PATHS = NO;
				CLANG_CXX_LANGUAGE_STANDARD = "gnu++0x";
				CLANG_CXX_LIBRARY = "libc++";
				CLANG_ENABLE_MODULES = YES;
				CLANG_ENABLE_OBJC_ARC = YES;
				CLANG_WARN_BOOL_CONVERSION = YES;
				CLANG_WARN_CONSTANT_CONVERSION = YES;
				CLANG_WARN_DIRECT_OBJC_ISA_USAGE = YES_ERROR;
				CLANG_WARN_EMPTY_BODY = YES;
				CLANG_WARN_ENUM_CONVERSION = YES;
				CLANG_WARN_INT_CONVERSION = YES;
				CLANG_WARN_OBJC_ROOT_CLASS = YES_ERROR;
				CLANG_WARN_UNREACHABLE_CODE = YES;
				CLANG_WARN__DUPLICATE_METHOD_MATCH = YES;
				"CODE_SIGN_IDENTITY[sdk=iphoneos*]" = "iPhone Developer";
				COPY_PHASE_STRIP = NO;
				DEBUG_INFORMATION_FORMAT = dwarf;
				ENABLE_STRICT_OBJC_MSGSEND = YES;
				ENABLE_TESTABILITY = YES;
				GCC_C_LANGUAGE_STANDARD = gnu99;
				GCC_DYNAMIC_NO_PIC = NO;
				GCC_NO_COMMON_BLOCKS = YES;
				GCC_OPTIMIZATION_LEVEL = 0;
				GCC_PREPROCESSOR_DEFINITIONS = (
					"DEBUG=1",
					"$(inherited)",
				);
				GCC_WARN_64_TO_32_BIT_CONVERSION = YES;
				GCC_WARN_ABOUT_RETURN_TYPE = YES_ERROR;
				GCC_WARN_UNDECLARED_SELECTOR = YES;
				GCC_WARN_UNINITIALIZED_AUTOS = YES_AGGRESSIVE;
				GCC_WARN_UNUSED_FUNCTION = YES;
				GCC_WARN_UNUSED_VARIABLE = YES;
				IPHONEOS_DEPLOYMENT_TARGET = 9.1;
				MTL_ENABLE_DEBUG_INFO = YES;
				ONLY_ACTIVE_ARCH = YES;
				SDKROOT = iphoneos;
				SWIFT_OPTIMIZATION_LEVEL = "-Onone";
				TARGETED_DEVICE_FAMILY = "1,2";
			};
			name = Debug;
		};
		7337EFF81C18196600A2995F /* Release */ = {
			isa = XCBuildConfiguration;
			buildSettings = {
				ALWAYS_SEARCH_USER_PATHS = NO;
				CLANG_CXX_LANGUAGE_STANDARD = "gnu++0x";
				CLANG_CXX_LIBRARY = "libc++";
				CLANG_ENABLE_MODULES = YES;
				CLANG_ENABLE_OBJC_ARC = YES;
				CLANG_WARN_BOOL_CONVERSION = YES;
				CLANG_WARN_CONSTANT_CONVERSION = YES;
				CLANG_WARN_DIRECT_OBJC_ISA_USAGE = YES_ERROR;
				CLANG_WARN_EMPTY_BODY = YES;
				CLANG_WARN_ENUM_CONVERSION = YES;
				CLANG_WARN_INT_CONVERSION = YES;
				CLANG_WARN_OBJC_ROOT_CLASS = YES_ERROR;
				CLANG_WARN_UNREACHABLE_CODE = YES;
				CLANG_WARN__DUPLICATE_METHOD_MATCH = YES;
				"CODE_SIGN_IDENTITY[sdk=iphoneos*]" = "iPhone Developer";
				COPY_PHASE_STRIP = NO;
				DEBUG_INFORMATION_FORMAT = "dwarf-with-dsym";
				ENABLE_NS_ASSERTIONS = NO;
				ENABLE_STRICT_OBJC_MSGSEND = YES;
				GCC_C_LANGUAGE_STANDARD = gnu99;
				GCC_NO_COMMON_BLOCKS = YES;
				GCC_WARN_64_TO_32_BIT_CONVERSION = YES;
				GCC_WARN_ABOUT_RETURN_TYPE = YES_ERROR;
				GCC_WARN_UNDECLARED_SELECTOR = YES;
				GCC_WARN_UNINITIALIZED_AUTOS = YES_AGGRESSIVE;
				GCC_WARN_UNUSED_FUNCTION = YES;
				GCC_WARN_UNUSED_VARIABLE = YES;
				IPHONEOS_DEPLOYMENT_TARGET = 9.1;
				MTL_ENABLE_DEBUG_INFO = NO;
				SDKROOT = iphoneos;
				TARGETED_DEVICE_FAMILY = "1,2";
				VALIDATE_PRODUCT = YES;
			};
			name = Release;
		};
		7337EFFA1C18196600A2995F /* Debug */ = {
			isa = XCBuildConfiguration;
			buildSettings = {
				ASSETCATALOG_COMPILER_APPICON_NAME = AppIcon;
				INFOPLIST_FILE = Zombies/Info.plist;
				LD_RUNPATH_SEARCH_PATHS = "$(inherited) @executable_path/Frameworks";
				PRODUCT_BUNDLE_IDENTIFIER = insset.Zombies;
				PRODUCT_NAME = "$(TARGET_NAME)";
			};
			name = Debug;
		};
		7337EFFB1C18196600A2995F /* Release */ = {
			isa = XCBuildConfiguration;
			buildSettings = {
				ASSETCATALOG_COMPILER_APPICON_NAME = AppIcon;
				INFOPLIST_FILE = Zombies/Info.plist;
				LD_RUNPATH_SEARCH_PATHS = "$(inherited) @executable_path/Frameworks";
				PRODUCT_BUNDLE_IDENTIFIER = insset.Zombies;
				PRODUCT_NAME = "$(TARGET_NAME)";
			};
			name = Release;
		};
/* End XCBuildConfiguration section */

/* Begin XCConfigurationList section */
		7337EFE21C18196600A2995F /* Build configuration list for PBXProject "Zombies" */ = {
			isa = XCConfigurationList;
			buildConfigurations = (
				7337EFF71C18196600A2995F /* Debug */,
				7337EFF81C18196600A2995F /* Release */,
			);
			defaultConfigurationIsVisible = 0;
			defaultConfigurationName = Release;
		};
		7337EFF91C18196600A2995F /* Build configuration list for PBXNativeTarget "Zombies" */ = {
			isa = XCConfigurationList;
			buildConfigurations = (
				7337EFFA1C18196600A2995F /* Debug */,
				7337EFFB1C18196600A2995F /* Release */,
			);
			defaultConfigurationIsVisible = 0;
		};
/* End XCConfigurationList section */
	};
	rootObject = 7337EFDF1C18196600A2995F /* Project object */;
}
